
Microsoft Visual Studio Solution File, Format Version 12.00
# Visual Studio Version 17
VisualStudioVersion = 17.6.33723.286
MinimumVisualStudioVersion = 10.0.40219.1
Project("{FAE04EC0-301F-11D3-BF4B-00C04F79EFBC}") = "LoopAndBasicOOP", "LoopAndBasicOOP\LoopAndBasicOOP.csproj", "{91043472-E51E-4600-BF31-85BDA0134F3E}"
EndProject
Global
	GlobalSection(SolutionConfigurationPlatforms) = preSolution
		Debug|Any CPU = Debug|Any CPU
		Release|Any CPU = Release|Any CPU
	EndGlobalSection
	GlobalSection(ProjectConfigurationPlatforms) = postSolution
		{91043472-E51E-4600-BF31-85BDA0134F3E}.Debug|Any CPU.ActiveCfg = Debug|Any CPU
		{91043472-E51E-4600-BF31-85BDA0134F3E}.Debug|Any CPU.Build.0 = Debug|Any CPU
		{91043472-E51E-4600-BF31-85BDA0134F3E}.Release|Any CPU.ActiveCfg = Release|Any CPU
		{91043472-E51E-4600-BF31-85BDA0134F3E}.Release|Any CPU.Build.0 = Release|Any CPU
	EndGlobalSection
	GlobalSection(SolutionProperties) = preSolution
		HideSolutionNode = FALSE
	EndGlobalSection
	GlobalSection(ExtensibilityGlobals) = postSolution
		SolutionGuid = {A21926E2-5A8B-4492-BE98-324CFF3A4601}
	EndGlobalSection
EndGlobal
