
Microsoft Visual Studio Solution File, Format Version 12.00
# Visual Studio Version 17
VisualStudioVersion = 17.6.33723.286
MinimumVisualStudioVersion = 10.0.40219.1
Project("{FAE04EC0-301F-11D3-BF4B-00C04F79EFBC}") = "AdvanceOOP-2", "AdvanceOOP-2\AdvanceOOP-2.csproj", "{38999A47-5E39-4B80-ACB9-44397ADC231F}"
EndProject
Project("{FAE04EC0-301F-11D3-BF4B-00C04F79EFBC}") = "Sealed-HasARel.-Polymorphism", "Sealed-HasARel.-Polymorphism\Sealed-HasARel.-Polymorphism.csproj", "{323D4D79-AEF5-4444-800C-844C6F80F2A2}"
EndProject
Global
	GlobalSection(SolutionConfigurationPlatforms) = preSolution
		Debug|Any CPU = Debug|Any CPU
		Release|Any CPU = Release|Any CPU
	EndGlobalSection
	GlobalSection(ProjectConfigurationPlatforms) = postSolution
		{38999A47-5E39-4B80-ACB9-44397ADC231F}.Debug|Any CPU.ActiveCfg = Debug|Any CPU
		{38999A47-5E39-4B80-ACB9-44397ADC231F}.Debug|Any CPU.Build.0 = Debug|Any CPU
		{38999A47-5E39-4B80-ACB9-44397ADC231F}.Release|Any CPU.ActiveCfg = Release|Any CPU
		{38999A47-5E39-4B80-ACB9-44397ADC231F}.Release|Any CPU.Build.0 = Release|Any CPU
		{323D4D79-AEF5-4444-800C-844C6F80F2A2}.Debug|Any CPU.ActiveCfg = Debug|Any CPU
		{323D4D79-AEF5-4444-800C-844C6F80F2A2}.Debug|Any CPU.Build.0 = Debug|Any CPU
		{323D4D79-AEF5-4444-800C-844C6F80F2A2}.Release|Any CPU.ActiveCfg = Release|Any CPU
		{323D4D79-AEF5-4444-800C-844C6F80F2A2}.Release|Any CPU.Build.0 = Release|Any CPU
	EndGlobalSection
	GlobalSection(SolutionProperties) = preSolution
		HideSolutionNode = FALSE
	EndGlobalSection
	GlobalSection(ExtensibilityGlobals) = postSolution
		SolutionGuid = {4696F64A-82F8-4306-827B-8A6D619024D8}
	EndGlobalSection
EndGlobal
