
Microsoft Visual Studio Solution File, Format Version 12.00
# Visual Studio Version 17
VisualStudioVersion = 17.6.33723.286
MinimumVisualStudioVersion = 10.0.40219.1
Project("{FAE04EC0-301F-11D3-BF4B-00C04F79EFBC}") = "C#Advance", "C#Advance\C#Advance.csproj", "{8F11DD4E-CBCB-42DA-A2A4-3A8269B92DF7}"
EndProject
Global
	GlobalSection(SolutionConfigurationPlatforms) = preSolution
		Debug|Any CPU = Debug|Any CPU
		Release|Any CPU = Release|Any CPU
	EndGlobalSection
	GlobalSection(ProjectConfigurationPlatforms) = postSolution
		{8F11DD4E-CBCB-42DA-A2A4-3A8269B92DF7}.Debug|Any CPU.ActiveCfg = Debug|Any CPU
		{8F11DD4E-CBCB-42DA-A2A4-3A8269B92DF7}.Debug|Any CPU.Build.0 = Debug|Any CPU
		{8F11DD4E-CBCB-42DA-A2A4-3A8269B92DF7}.Release|Any CPU.ActiveCfg = Release|Any CPU
		{8F11DD4E-CBCB-42DA-A2A4-3A8269B92DF7}.Release|Any CPU.Build.0 = Release|Any CPU
	EndGlobalSection
	GlobalSection(SolutionProperties) = preSolution
		HideSolutionNode = FALSE
	EndGlobalSection
	GlobalSection(ExtensibilityGlobals) = postSolution
		SolutionGuid = {B3D2D0B7-530D-4ED6-A9BD-15953F232F74}
	EndGlobalSection
EndGlobal
